// !$*UTF8*$!
{
	archiveVersion = 1;
	classes = {
	};
	objectVersion = 55;
	objects = {

/* Begin PBXBuildFile section */
		88361C6F53B0DB1508927383 /* Pods_Uber_Swift_Full.framework in Frameworks */ = {isa = PBXBuildFile; fileRef = 5DDD27EC11E657F2DA11B501 /* Pods_Uber_Swift_Full.framework */; };
		C422635028BA1BAC00AD9438 /* AppDelegate.swift in Sources */ = {isa = PBXBuildFile; fileRef = C422634F28BA1BAC00AD9438 /* AppDelegate.swift */; };
		C422635928BA1BAF00AD9438 /* Assets.xcassets in Resources */ = {isa = PBXBuildFile; fileRef = C422635828BA1BAF00AD9438 /* Assets.xcassets */; };
		C422635C28BA1BAF00AD9438 /* LaunchScreen.storyboard in Resources */ = {isa = PBXBuildFile; fileRef = C422635A28BA1BAF00AD9438 /* LaunchScreen.storyboard */; };
		C422636A28BA1BE200AD9438 /* LoginController.swift in Sources */ = {isa = PBXBuildFile; fileRef = C422636928BA1BE200AD9438 /* LoginController.swift */; };
		C422636C28BA3B4B00AD9438 /* Extension.swift in Sources */ = {isa = PBXBuildFile; fileRef = C422636B28BA3B4B00AD9438 /* Extension.swift */; };
		C44622A528CDED9E0088A687 /* LocationInputActivationView.swift in Sources */ = {isa = PBXBuildFile; fileRef = C44622A428CDED9E0088A687 /* LocationInputActivationView.swift */; };
		C46E91D828BFEA5000AEAEF7 /* HomeController.swift in Sources */ = {isa = PBXBuildFile; fileRef = C46E91D728BFEA5000AEAEF7 /* HomeController.swift */; };
		C476FB0928BE7DAA002EAF5A /* GoogleService-Info.plist in Resources */ = {isa = PBXBuildFile; fileRef = C476FB0828BE7DAA002EAF5A /* GoogleService-Info.plist */; };
		C479531728D98B6700FDC54F /* LocationInputCell.swift in Sources */ = {isa = PBXBuildFile; fileRef = C479531628D98B6700FDC54F /* LocationInputCell.swift */; };
		C48804FE28BD2AA50037ABD9 /* SignUpController.swift in Sources */ = {isa = PBXBuildFile; fileRef = C48804FD28BD2AA50037ABD9 /* SignUpController.swift */; };
		C488050028BD4B300037ABD9 /* AuthButton.swift in Sources */ = {isa = PBXBuildFile; fileRef = C48804FF28BD4B300037ABD9 /* AuthButton.swift */; };
		C4BD8C7D28D57FC00042E8BC /* LocationInputView.swift in Sources */ = {isa = PBXBuildFile; fileRef = C4BD8C7C28D57FC00042E8BC /* LocationInputView.swift */; };
/* End PBXBuildFile section */

/* Begin PBXFileReference section */
		578090F3534ACC67341B7F33 /* Pods-Uber-Swift-Full.debug.xcconfig */ = {isa = PBXFileReference; includeInIndex = 1; lastKnownFileType = text.xcconfig; name = "Pods-Uber-Swift-Full.debug.xcconfig"; path = "Target Support Files/Pods-Uber-Swift-Full/Pods-Uber-Swift-Full.debug.xcconfig"; sourceTree = "<group>"; };
		5DDD27EC11E657F2DA11B501 /* Pods_Uber_Swift_Full.framework */ = {isa = PBXFileReference; explicitFileType = wrapper.framework; includeInIndex = 0; path = Pods_Uber_Swift_Full.framework; sourceTree = BUILT_PRODUCTS_DIR; };
		7DEFA80E8D7A65052731EA28 /* Pods-Uber-Swift-Full.release.xcconfig */ = {isa = PBXFileReference; includeInIndex = 1; lastKnownFileType = text.xcconfig; name = "Pods-Uber-Swift-Full.release.xcconfig"; path = "Target Support Files/Pods-Uber-Swift-Full/Pods-Uber-Swift-Full.release.xcconfig"; sourceTree = "<group>"; };
		C422634C28BA1BAC00AD9438 /* Uber-Swift-Full.app */ = {isa = PBXFileReference; explicitFileType = wrapper.application; includeInIndex = 0; path = "Uber-Swift-Full.app"; sourceTree = BUILT_PRODUCTS_DIR; };
		C422634F28BA1BAC00AD9438 /* AppDelegate.swift */ = {isa = PBXFileReference; lastKnownFileType = sourcecode.swift; path = AppDelegate.swift; sourceTree = "<group>"; };
		C422635828BA1BAF00AD9438 /* Assets.xcassets */ = {isa = PBXFileReference; lastKnownFileType = folder.assetcatalog; path = Assets.xcassets; sourceTree = "<group>"; };
		C422635B28BA1BAF00AD9438 /* Base */ = {isa = PBXFileReference; lastKnownFileType = file.storyboard; name = Base; path = Base.lproj/LaunchScreen.storyboard; sourceTree = "<group>"; };
		C422635D28BA1BAF00AD9438 /* Info.plist */ = {isa = PBXFileReference; lastKnownFileType = text.plist.xml; path = Info.plist; sourceTree = "<group>"; };
		C422636928BA1BE200AD9438 /* LoginController.swift */ = {isa = PBXFileReference; lastKnownFileType = sourcecode.swift; path = LoginController.swift; sourceTree = "<group>"; };
		C422636B28BA3B4B00AD9438 /* Extension.swift */ = {isa = PBXFileReference; lastKnownFileType = sourcecode.swift; path = Extension.swift; sourceTree = "<group>"; };
		C44622A428CDED9E0088A687 /* LocationInputActivationView.swift */ = {isa = PBXFileReference; lastKnownFileType = sourcecode.swift; path = LocationInputActivationView.swift; sourceTree = "<group>"; };
		C46E91D728BFEA5000AEAEF7 /* HomeController.swift */ = {isa = PBXFileReference; lastKnownFileType = sourcecode.swift; path = HomeController.swift; sourceTree = "<group>"; };
		C476FB0828BE7DAA002EAF5A /* GoogleService-Info.plist */ = {isa = PBXFileReference; fileEncoding = 4; lastKnownFileType = text.plist.xml; path = "GoogleService-Info.plist"; sourceTree = "<group>"; };
		C479531628D98B6700FDC54F /* LocationInputCell.swift */ = {isa = PBXFileReference; lastKnownFileType = sourcecode.swift; path = LocationInputCell.swift; sourceTree = "<group>"; };
		C48804FD28BD2AA50037ABD9 /* SignUpController.swift */ = {isa = PBXFileReference; lastKnownFileType = sourcecode.swift; path = SignUpController.swift; sourceTree = "<group>"; };
		C48804FF28BD4B300037ABD9 /* AuthButton.swift */ = {isa = PBXFileReference; lastKnownFileType = sourcecode.swift; path = AuthButton.swift; sourceTree = "<group>"; };
		C4BD8C7C28D57FC00042E8BC /* LocationInputView.swift */ = {isa = PBXFileReference; lastKnownFileType = sourcecode.swift; path = LocationInputView.swift; sourceTree = "<group>"; };
/* End PBXFileReference section */

/* Begin PBXFrameworksBuildPhase section */
		C422634928BA1BAC00AD9438 /* Frameworks */ = {
			isa = PBXFrameworksBuildPhase;
			buildActionMask = 2147483647;
			files = (
				88361C6F53B0DB1508927383 /* Pods_Uber_Swift_Full.framework in Frameworks */,
			);
			runOnlyForDeploymentPostprocessing = 0;
		};
/* End PBXFrameworksBuildPhase section */

/* Begin PBXGroup section */
		BC8BD1EEAD87A09EBC85CE4F /* Frameworks */ = {
			isa = PBXGroup;
			children = (
				5DDD27EC11E657F2DA11B501 /* Pods_Uber_Swift_Full.framework */,
			);
			name = Frameworks;
			sourceTree = "<group>";
		};
		C422634328BA1BAC00AD9438 = {
			isa = PBXGroup;
			children = (
				C422634E28BA1BAC00AD9438 /* Uber-Swift-Full */,
				C422634D28BA1BAC00AD9438 /* Products */,
				D994542FD6AF1688F9F7B124 /* Pods */,
				BC8BD1EEAD87A09EBC85CE4F /* Frameworks */,
			);
			sourceTree = "<group>";
		};
		C422634D28BA1BAC00AD9438 /* Products */ = {
			isa = PBXGroup;
			children = (
				C422634C28BA1BAC00AD9438 /* Uber-Swift-Full.app */,
			);
			name = Products;
			sourceTree = "<group>";
		};
		C422634E28BA1BAC00AD9438 /* Uber-Swift-Full */ = {
			isa = PBXGroup;
			children = (
				C422636828BA1BD400AD9438 /* Model */,
				C422636728BA1BCF00AD9438 /* View */,
				C422636628BA1BC700AD9438 /* ViewModel */,
				C422636528BA1BC000AD9438 /* Controller */,
				C422636428BA1BBB00AD9438 /* Service */,
				C422636328BA1BB500AD9438 /* Utils */,
				C422636D28BA3CD900AD9438 /* Files */,
			);
			path = "Uber-Swift-Full";
			sourceTree = "<group>";
		};
		C422636328BA1BB500AD9438 /* Utils */ = {
			isa = PBXGroup;
			children = (
				C422636B28BA3B4B00AD9438 /* Extension.swift */,
			);
			path = Utils;
			sourceTree = "<group>";
		};
		C422636428BA1BBB00AD9438 /* Service */ = {
			isa = PBXGroup;
			children = (
			);
			path = Service;
			sourceTree = "<group>";
		};
		C422636528BA1BC000AD9438 /* Controller */ = {
			isa = PBXGroup;
			children = (
				C422636928BA1BE200AD9438 /* LoginController.swift */,
				C48804FD28BD2AA50037ABD9 /* SignUpController.swift */,
				C46E91D728BFEA5000AEAEF7 /* HomeController.swift */,
			);
			path = Controller;
			sourceTree = "<group>";
		};
		C422636628BA1BC700AD9438 /* ViewModel */ = {
			isa = PBXGroup;
			children = (
			);
			path = ViewModel;
			sourceTree = "<group>";
		};
		C422636728BA1BCF00AD9438 /* View */ = {
			isa = PBXGroup;
			children = (
				C48804FF28BD4B300037ABD9 /* AuthButton.swift */,
				C44622A428CDED9E0088A687 /* LocationInputActivationView.swift */,
				C4BD8C7C28D57FC00042E8BC /* LocationInputView.swift */,
				C479531628D98B6700FDC54F /* LocationInputCell.swift */,
			);
			path = View;
			sourceTree = "<group>";
		};
		C422636828BA1BD400AD9438 /* Model */ = {
			isa = PBXGroup;
			children = (
			);
			path = Model;
			sourceTree = "<group>";
		};
		C422636D28BA3CD900AD9438 /* Files */ = {
			isa = PBXGroup;
			children = (
				C422634F28BA1BAC00AD9438 /* AppDelegate.swift */,
				C422635828BA1BAF00AD9438 /* Assets.xcassets */,
				C422635A28BA1BAF00AD9438 /* LaunchScreen.storyboard */,
				C422635D28BA1BAF00AD9438 /* Info.plist */,
				C476FB0828BE7DAA002EAF5A /* GoogleService-Info.plist */,
			);
			name = Files;
			sourceTree = "<group>";
		};
		D994542FD6AF1688F9F7B124 /* Pods */ = {
			isa = PBXGroup;
			children = (
				578090F3534ACC67341B7F33 /* Pods-Uber-Swift-Full.debug.xcconfig */,
				7DEFA80E8D7A65052731EA28 /* Pods-Uber-Swift-Full.release.xcconfig */,
			);
			path = Pods;
			sourceTree = "<group>";
		};
/* End PBXGroup section */

/* Begin PBXNativeTarget section */
		C422634B28BA1BAC00AD9438 /* Uber-Swift-Full */ = {
			isa = PBXNativeTarget;
			buildConfigurationList = C422636028BA1BAF00AD9438 /* Build configuration list for PBXNativeTarget "Uber-Swift-Full" */;
			buildPhases = (
				AA199355BB999394DF8C5A71 /* [CP] Check Pods Manifest.lock */,
				C422634828BA1BAC00AD9438 /* Sources */,
				C422634928BA1BAC00AD9438 /* Frameworks */,
				C422634A28BA1BAC00AD9438 /* Resources */,
				C20D1900DE53D224721F1362 /* [CP] Embed Pods Frameworks */,
			);
			buildRules = (
			);
			dependencies = (
			);
			name = "Uber-Swift-Full";
			productName = "Uber-Swift-Full";
			productReference = C422634C28BA1BAC00AD9438 /* Uber-Swift-Full.app */;
			productType = "com.apple.product-type.application";
		};
/* End PBXNativeTarget section */

/* Begin PBXProject section */
		C422634428BA1BAC00AD9438 /* Project object */ = {
			isa = PBXProject;
			attributes = {
				BuildIndependentTargetsInParallel = 1;
				LastSwiftUpdateCheck = 1340;
				LastUpgradeCheck = 1340;
				TargetAttributes = {
					C422634B28BA1BAC00AD9438 = {
						CreatedOnToolsVersion = 13.4.1;
					};
				};
			};
			buildConfigurationList = C422634728BA1BAC00AD9438 /* Build configuration list for PBXProject "Uber-Swift-Full" */;
			compatibilityVersion = "Xcode 13.0";
			developmentRegion = en;
			hasScannedForEncodings = 0;
			knownRegions = (
				en,
				Base,
			);
			mainGroup = C422634328BA1BAC00AD9438;
			productRefGroup = C422634D28BA1BAC00AD9438 /* Products */;
			projectDirPath = "";
			projectRoot = "";
			targets = (
				C422634B28BA1BAC00AD9438 /* Uber-Swift-Full */,
			);
		};
/* End PBXProject section */

/* Begin PBXResourcesBuildPhase section */
		C422634A28BA1BAC00AD9438 /* Resources */ = {
			isa = PBXResourcesBuildPhase;
			buildActionMask = 2147483647;
			files = (
				C422635C28BA1BAF00AD9438 /* LaunchScreen.storyboard in Resources */,
				C422635928BA1BAF00AD9438 /* Assets.xcassets in Resources */,
				C476FB0928BE7DAA002EAF5A /* GoogleService-Info.plist in Resources */,
			);
			runOnlyForDeploymentPostprocessing = 0;
		};
/* End PBXResourcesBuildPhase section */

/* Begin PBXShellScriptBuildPhase section */
		AA199355BB999394DF8C5A71 /* [CP] Check Pods Manifest.lock */ = {
			isa = PBXShellScriptBuildPhase;
			buildActionMask = 2147483647;
			files = (
			);
			inputFileListPaths = (
			);
			inputPaths = (
				"${PODS_PODFILE_DIR_PATH}/Podfile.lock",
				"${PODS_ROOT}/Manifest.lock",
			);
			name = "[CP] Check Pods Manifest.lock";
			outputFileListPaths = (
			);
			outputPaths = (
				"$(DERIVED_FILE_DIR)/Pods-Uber-Swift-Full-checkManifestLockResult.txt",
			);
			runOnlyForDeploymentPostprocessing = 0;
			shellPath = /bin/sh;
			shellScript = "diff \"${PODS_PODFILE_DIR_PATH}/Podfile.lock\" \"${PODS_ROOT}/Manifest.lock\" > /dev/null\nif [ $? != 0 ] ; then\n    # print error to STDERR\n    echo \"error: The sandbox is not in sync with the Podfile.lock. Run 'pod install' or update your CocoaPods installation.\" >&2\n    exit 1\nfi\n# This output is used by Xcode 'outputs' to avoid re-running this script phase.\necho \"SUCCESS\" > \"${SCRIPT_OUTPUT_FILE_0}\"\n";
			showEnvVarsInLog = 0;
		};
		C20D1900DE53D224721F1362 /* [CP] Embed Pods Frameworks */ = {
			isa = PBXShellScriptBuildPhase;
			buildActionMask = 2147483647;
			files = (
			);
			inputFileListPaths = (
				"${PODS_ROOT}/Target Support Files/Pods-Uber-Swift-Full/Pods-Uber-Swift-Full-frameworks-${CONFIGURATION}-input-files.xcfilelist",
			);
			name = "[CP] Embed Pods Frameworks";
			outputFileListPaths = (
				"${PODS_ROOT}/Target Support Files/Pods-Uber-Swift-Full/Pods-Uber-Swift-Full-frameworks-${CONFIGURATION}-output-files.xcfilelist",
			);
			runOnlyForDeploymentPostprocessing = 0;
			shellPath = /bin/sh;
			shellScript = "\"${PODS_ROOT}/Target Support Files/Pods-Uber-Swift-Full/Pods-Uber-Swift-Full-frameworks.sh\"\n";
			showEnvVarsInLog = 0;
		};
/* End PBXShellScriptBuildPhase section */

/* Begin PBXSourcesBuildPhase section */
		C422634828BA1BAC00AD9438 /* Sources */ = {
			isa = PBXSourcesBuildPhase;
			buildActionMask = 2147483647;
			files = (
				C479531728D98B6700FDC54F /* LocationInputCell.swift in Sources */,
				C422636C28BA3B4B00AD9438 /* Extension.swift in Sources */,
				C488050028BD4B300037ABD9 /* AuthButton.swift in Sources */,
				C46E91D828BFEA5000AEAEF7 /* HomeController.swift in Sources */,
				C422636A28BA1BE200AD9438 /* LoginController.swift in Sources */,
				C422635028BA1BAC00AD9438 /* AppDelegate.swift in Sources */,
				C44622A528CDED9E0088A687 /* LocationInputActivationView.swift in Sources */,
				C4BD8C7D28D57FC00042E8BC /* LocationInputView.swift in Sources */,
				C48804FE28BD2AA50037ABD9 /* SignUpController.swift in Sources */,
			);
			runOnlyForDeploymentPostprocessing = 0;
		};
/* End PBXSourcesBuildPhase section */

/* Begin PBXVariantGroup section */
		C422635A28BA1BAF00AD9438 /* LaunchScreen.storyboard */ = {
			isa = PBXVariantGroup;
			children = (
				C422635B28BA1BAF00AD9438 /* Base */,
			);
			name = LaunchScreen.storyboard;
			sourceTree = "<group>";
		};
/* End PBXVariantGroup section */

/* Begin XCBuildConfiguration section */
		C422635E28BA1BAF00AD9438 /* Debug */ = {
			isa = XCBuildConfiguration;
			buildSettings = {
				ALWAYS_SEARCH_USER_PATHS = NO;
				CLANG_ANALYZER_NONNULL = YES;
				CLANG_ANALYZER_NUMBER_OBJECT_CONVERSION = YES_AGGRESSIVE;
				CLANG_CXX_LANGUAGE_STANDARD = "gnu++17";
				CLANG_ENABLE_MODULES = YES;
				CLANG_ENABLE_OBJC_ARC = YES;
				CLANG_ENABLE_OBJC_WEAK = YES;
				CLANG_WARN_BLOCK_CAPTURE_AUTORELEASING = YES;
				CLANG_WARN_BOOL_CONVERSION = YES;
				CLANG_WARN_COMMA = YES;
				CLANG_WARN_CONSTANT_CONVERSION = YES;
				CLANG_WARN_DEPRECATED_OBJC_IMPLEMENTATIONS = YES;
				CLANG_WARN_DIRECT_OBJC_ISA_USAGE = YES_ERROR;
				CLANG_WARN_DOCUMENTATION_COMMENTS = YES;
				CLANG_WARN_EMPTY_BODY = YES;
				CLANG_WARN_ENUM_CONVERSION = YES;
				CLANG_WARN_INFINITE_RECURSION = YES;
				CLANG_WARN_INT_CONVERSION = YES;
				CLANG_WARN_NON_LITERAL_NULL_CONVERSION = YES;
				CLANG_WARN_OBJC_IMPLICIT_RETAIN_SELF = YES;
				CLANG_WARN_OBJC_LITERAL_CONVERSION = YES;
				CLANG_WARN_OBJC_ROOT_CLASS = YES_ERROR;
				CLANG_WARN_QUOTED_INCLUDE_IN_FRAMEWORK_HEADER = YES;
				CLANG_WARN_RANGE_LOOP_ANALYSIS = YES;
				CLANG_WARN_STRICT_PROTOTYPES = YES;
				CLANG_WARN_SUSPICIOUS_MOVE = YES;
				CLANG_WARN_UNGUARDED_AVAILABILITY = YES_AGGRESSIVE;
				CLANG_WARN_UNREACHABLE_CODE = YES;
				CLANG_WARN__DUPLICATE_METHOD_MATCH = YES;
				COPY_PHASE_STRIP = NO;
				DEBUG_INFORMATION_FORMAT = dwarf;
				ENABLE_STRICT_OBJC_MSGSEND = YES;
				ENABLE_TESTABILITY = YES;
				GCC_C_LANGUAGE_STANDARD = gnu11;
				GCC_DYNAMIC_NO_PIC = NO;
				GCC_NO_COMMON_BLOCKS = YES;
				GCC_OPTIMIZATION_LEVEL = 0;
				GCC_PREPROCESSOR_DEFINITIONS = (
					"DEBUG=1",
					"$(inherited)",
				);
				GCC_WARN_64_TO_32_BIT_CONVERSION = YES;
				GCC_WARN_ABOUT_RETURN_TYPE = YES_ERROR;
				GCC_WARN_UNDECLARED_SELECTOR = YES;
				GCC_WARN_UNINITIALIZED_AUTOS = YES_AGGRESSIVE;
				GCC_WARN_UNUSED_FUNCTION = YES;
				GCC_WARN_UNUSED_VARIABLE = YES;
				IPHONEOS_DEPLOYMENT_TARGET = 15.5;
				MTL_ENABLE_DEBUG_INFO = INCLUDE_SOURCE;
				MTL_FAST_MATH = YES;
				ONLY_ACTIVE_ARCH = YES;
				SDKROOT = iphoneos;
				SWIFT_ACTIVE_COMPILATION_CONDITIONS = DEBUG;
				SWIFT_OPTIMIZATION_LEVEL = "-Onone";
			};
			name = Debug;
		};
		C422635F28BA1BAF00AD9438 /* Release */ = {
			isa = XCBuildConfiguration;
			buildSettings = {
				ALWAYS_SEARCH_USER_PATHS = NO;
				CLANG_ANALYZER_NONNULL = YES;
				CLANG_ANALYZER_NUMBER_OBJECT_CONVERSION = YES_AGGRESSIVE;
				CLANG_CXX_LANGUAGE_STANDARD = "gnu++17";
				CLANG_ENABLE_MODULES = YES;
				CLANG_ENABLE_OBJC_ARC = YES;
				CLANG_ENABLE_OBJC_WEAK = YES;
				CLANG_WARN_BLOCK_CAPTURE_AUTORELEASING = YES;
				CLANG_WARN_BOOL_CONVERSION = YES;
				CLANG_WARN_COMMA = YES;
				CLANG_WARN_CONSTANT_CONVERSION = YES;
				CLANG_WARN_DEPRECATED_OBJC_IMPLEMENTATIONS = YES;
				CLANG_WARN_DIRECT_OBJC_ISA_USAGE = YES_ERROR;
				CLANG_WARN_DOCUMENTATION_COMMENTS = YES;
				CLANG_WARN_EMPTY_BODY = YES;
				CLANG_WARN_ENUM_CONVERSION = YES;
				CLANG_WARN_INFINITE_RECURSION = YES;
				CLANG_WARN_INT_CONVERSION = YES;
				CLANG_WARN_NON_LITERAL_NULL_CONVERSION = YES;
				CLANG_WARN_OBJC_IMPLICIT_RETAIN_SELF = YES;
				CLANG_WARN_OBJC_LITERAL_CONVERSION = YES;
				CLANG_WARN_OBJC_ROOT_CLASS = YES_ERROR;
				CLANG_WARN_QUOTED_INCLUDE_IN_FRAMEWORK_HEADER = YES;
				CLANG_WARN_RANGE_LOOP_ANALYSIS = YES;
				CLANG_WARN_STRICT_PROTOTYPES = YES;
				CLANG_WARN_SUSPICIOUS_MOVE = YES;
				CLANG_WARN_UNGUARDED_AVAILABILITY = YES_AGGRESSIVE;
				CLANG_WARN_UNREACHABLE_CODE = YES;
				CLANG_WARN__DUPLICATE_METHOD_MATCH = YES;
				COPY_PHASE_STRIP = NO;
				DEBUG_INFORMATION_FORMAT = "dwarf-with-dsym";
				ENABLE_NS_ASSERTIONS = NO;
				ENABLE_STRICT_OBJC_MSGSEND = YES;
				GCC_C_LANGUAGE_STANDARD = gnu11;
				GCC_NO_COMMON_BLOCKS = YES;
				GCC_WARN_64_TO_32_BIT_CONVERSION = YES;
				GCC_WARN_ABOUT_RETURN_TYPE = YES_ERROR;
				GCC_WARN_UNDECLARED_SELECTOR = YES;
				GCC_WARN_UNINITIALIZED_AUTOS = YES_AGGRESSIVE;
				GCC_WARN_UNUSED_FUNCTION = YES;
				GCC_WARN_UNUSED_VARIABLE = YES;
				IPHONEOS_DEPLOYMENT_TARGET = 15.5;
				MTL_ENABLE_DEBUG_INFO = NO;
				MTL_FAST_MATH = YES;
				SDKROOT = iphoneos;
				SWIFT_COMPILATION_MODE = wholemodule;
				SWIFT_OPTIMIZATION_LEVEL = "-O";
				VALIDATE_PRODUCT = YES;
			};
			name = Release;
		};
		C422636128BA1BAF00AD9438 /* Debug */ = {
			isa = XCBuildConfiguration;
			baseConfigurationReference = 578090F3534ACC67341B7F33 /* Pods-Uber-Swift-Full.debug.xcconfig */;
			buildSettings = {
				ASSETCATALOG_COMPILER_APPICON_NAME = AppIcon;
				ASSETCATALOG_COMPILER_GLOBAL_ACCENT_COLOR_NAME = AccentColor;
				CODE_SIGN_STYLE = Automatic;
				CURRENT_PROJECT_VERSION = 1;
				DEVELOPMENT_TEAM = 5XZHHC4623;
				GENERATE_INFOPLIST_FILE = YES;
				INFOPLIST_FILE = "Uber-Swift-Full/Info.plist";
				INFOPLIST_KEY_UIApplicationSupportsIndirectInputEvents = YES;
				INFOPLIST_KEY_UILaunchStoryboardName = LaunchScreen;
				INFOPLIST_KEY_UISupportedInterfaceOrientations_iPad = "UIInterfaceOrientationPortrait UIInterfaceOrientationPortraitUpsideDown UIInterfaceOrientationLandscapeLeft UIInterfaceOrientationLandscapeRight";
				INFOPLIST_KEY_UISupportedInterfaceOrientations_iPhone = "UIInterfaceOrientationPortrait UIInterfaceOrientationLandscapeLeft UIInterfaceOrientationLandscapeRight";
				LD_RUNPATH_SEARCH_PATHS = (
					"$(inherited)",
					"@executable_path/Frameworks",
				);
				MARKETING_VERSION = 1.0;
				PRODUCT_BUNDLE_IDENTIFIER = "com.hakkicansengonul.Uber-Swift-Full";
				PRODUCT_NAME = "$(TARGET_NAME)";
				SWIFT_EMIT_LOC_STRINGS = YES;
				SWIFT_VERSION = 5.0;
				TARGETED_DEVICE_FAMILY = "1,2";
			};
			name = Debug;
		};
		C422636228BA1BAF00AD9438 /* Release */ = {
			isa = XCBuildConfiguration;
			baseConfigurationReference = 7DEFA80E8D7A65052731EA28 /* Pods-Uber-Swift-Full.release.xcconfig */;
			buildSettings = {
				ASSETCATALOG_COMPILER_APPICON_NAME = AppIcon;
				ASSETCATALOG_COMPILER_GLOBAL_ACCENT_COLOR_NAME = AccentColor;
				CODE_SIGN_STYLE = Automatic;
				CURRENT_PROJECT_VERSION = 1;
				DEVELOPMENT_TEAM = 5XZHHC4623;
				GENERATE_INFOPLIST_FILE = YES;
				INFOPLIST_FILE = "Uber-Swift-Full/Info.plist";
				INFOPLIST_KEY_UIApplicationSupportsIndirectInputEvents = YES;
				INFOPLIST_KEY_UILaunchStoryboardName = LaunchScreen;
				INFOPLIST_KEY_UISupportedInterfaceOrientations_iPad = "UIInterfaceOrientationPortrait UIInterfaceOrientationPortraitUpsideDown UIInterfaceOrientationLandscapeLeft UIInterfaceOrientationLandscapeRight";
				INFOPLIST_KEY_UISupportedInterfaceOrientations_iPhone = "UIInterfaceOrientationPortrait UIInterfaceOrientationLandscapeLeft UIInterfaceOrientationLandscapeRight";
				LD_RUNPATH_SEARCH_PATHS = (
					"$(inherited)",
					"@executable_path/Frameworks",
				);
				MARKETING_VERSION = 1.0;
				PRODUCT_BUNDLE_IDENTIFIER = "com.hakkicansengonul.Uber-Swift-Full";
				PRODUCT_NAME = "$(TARGET_NAME)";
				SWIFT_EMIT_LOC_STRINGS = YES;
				SWIFT_VERSION = 5.0;
				TARGETED_DEVICE_FAMILY = "1,2";
			};
			name = Release;
		};
/* End XCBuildConfiguration section */

/* Begin XCConfigurationList section */
		C422634728BA1BAC00AD9438 /* Build configuration list for PBXProject "Uber-Swift-Full" */ = {
			isa = XCConfigurationList;
			buildConfigurations = (
				C422635E28BA1BAF00AD9438 /* Debug */,
				C422635F28BA1BAF00AD9438 /* Release */,
			);
			defaultConfigurationIsVisible = 0;
			defaultConfigurationName = Release;
		};
		C422636028BA1BAF00AD9438 /* Build configuration list for PBXNativeTarget "Uber-Swift-Full" */ = {
			isa = XCConfigurationList;
			buildConfigurations = (
				C422636128BA1BAF00AD9438 /* Debug */,
				C422636228BA1BAF00AD9438 /* Release */,
			);
			defaultConfigurationIsVisible = 0;
			defaultConfigurationName = Release;
		};
/* End XCConfigurationList section */
	};
	rootObject = C422634428BA1BAC00AD9438 /* Project object */;
}
